
Microsoft Visual Studio Solution File, Format Version 12.00
# Visual Studio Version 17
VisualStudioVersion = 17.10.35122.118
MinimumVisualStudioVersion = 10.0.40219.1
Project("{FAE04EC0-301F-11D3-BF4B-00C04F79EFBC}") = "mvc", "mvc\mvc.csproj", "{356DCC03-48A8-4E4D-B051-6AC7676381CA}"
EndProject
Global
	GlobalSection(SolutionConfigurationPlatforms) = preSolution
		Debug|Any CPU = Debug|Any CPU
		Release|Any CPU = Release|Any CPU
	EndGlobalSection
	GlobalSection(ProjectConfigurationPlatforms) = postSolution
		{356DCC03-48A8-4E4D-B051-6AC7676381CA}.Debug|Any CPU.ActiveCfg = Debug|Any CPU
		{356DCC03-48A8-4E4D-B051-6AC7676381CA}.Debug|Any CPU.Build.0 = Debug|Any CPU
		{356DCC03-48A8-4E4D-B051-6AC7676381CA}.Release|Any CPU.ActiveCfg = Release|Any CPU
		{356DCC03-48A8-4E4D-B051-6AC7676381CA}.Release|Any CPU.Build.0 = Release|Any CPU
	EndGlobalSection
	GlobalSection(SolutionProperties) = preSolution
		HideSolutionNode = FALSE
	EndGlobalSection
	GlobalSection(ExtensibilityGlobals) = postSolution
		SolutionGuid = {9E041EE4-471E-42EF-99C0-5C8F26B74C28}
	EndGlobalSection
EndGlobal
